
Microsoft Visual Studio Solution File, Format Version 12.00
# Visual Studio Version 17
VisualStudioVersion = 17.9.34607.119
MinimumVisualStudioVersion = 10.0.40219.1
Project("{9A19103F-16F7-4668-BE54-9A1E7A4F7556}") = "NuclearIncident", "NuclearIncident.csproj", "{074BE360-5DA9-4D96-BB87-1369B4BFA92E}"
EndProject
Project("{9A19103F-16F7-4668-BE54-9A1E7A4F7556}") = "NuclearInccidentTest", "..\NuclearAccidentTest\NuclearInccidentTest.csproj", "{7A7DF839-AC89-4557-A960-1F1B5EEA5B4E}"
	ProjectSection(ProjectDependencies) = postProject
		{074BE360-5DA9-4D96-BB87-1369B4BFA92E} = {074BE360-5DA9-4D96-BB87-1369B4BFA92E}
	EndProjectSection
EndProject
Global
	GlobalSection(SolutionConfigurationPlatforms) = preSolution
		Debug|Any CPU = Debug|Any CPU
		Release|Any CPU = Release|Any CPU
	EndGlobalSection
	GlobalSection(ProjectConfigurationPlatforms) = postSolution
		{074BE360-5DA9-4D96-BB87-1369B4BFA92E}.Debug|Any CPU.ActiveCfg = Debug|Any CPU
		{074BE360-5DA9-4D96-BB87-1369B4BFA92E}.Debug|Any CPU.Build.0 = Debug|Any CPU
		{074BE360-5DA9-4D96-BB87-1369B4BFA92E}.Release|Any CPU.ActiveCfg = Release|Any CPU
		{074BE360-5DA9-4D96-BB87-1369B4BFA92E}.Release|Any CPU.Build.0 = Release|Any CPU
		{7A7DF839-AC89-4557-A960-1F1B5EEA5B4E}.Debug|Any CPU.ActiveCfg = Debug|Any CPU
		{7A7DF839-AC89-4557-A960-1F1B5EEA5B4E}.Debug|Any CPU.Build.0 = Debug|Any CPU
		{7A7DF839-AC89-4557-A960-1F1B5EEA5B4E}.Release|Any CPU.ActiveCfg = Release|Any CPU
		{7A7DF839-AC89-4557-A960-1F1B5EEA5B4E}.Release|Any CPU.Build.0 = Release|Any CPU
	EndGlobalSection
	GlobalSection(SolutionProperties) = preSolution
		HideSolutionNode = FALSE
	EndGlobalSection
	GlobalSection(ExtensibilityGlobals) = postSolution
		SolutionGuid = {7EDC6EA5-2706-4A1F-9F82-B2F746541EB0}
	EndGlobalSection
EndGlobal
